
Microsoft Visual Studio Solution File, Format Version 12.00
# Visual Studio 2012
Project("{FAE04EC0-301F-11D3-BF4B-00C04F79EFBC}") = "PhoneTest_iOS", "PhoneTest_iOS\PhoneTest_iOS.csproj", "{3DA783A4-46FA-440A-9A94-C5DBB54818C5}"
EndProject
Global
	GlobalSection(SolutionConfigurationPlatforms) = preSolution
		Debug|iPhoneSimulator = Debug|iPhoneSimulator
		Release|iPhoneSimulator = Release|iPhoneSimulator
		Debug|iPhone = Debug|iPhone
		Release|iPhone = Release|iPhone
		Ad-Hoc|iPhone = Ad-Hoc|iPhone
		AppStore|iPhone = AppStore|iPhone
	EndGlobalSection
	GlobalSection(ProjectConfigurationPlatforms) = postSolution
		{3DA783A4-46FA-440A-9A94-C5DBB54818C5}.Ad-Hoc|iPhone.ActiveCfg = Ad-Hoc|iPhone
		{3DA783A4-46FA-440A-9A94-C5DBB54818C5}.Ad-Hoc|iPhone.Build.0 = Ad-Hoc|iPhone
		{3DA783A4-46FA-440A-9A94-C5DBB54818C5}.AppStore|iPhone.ActiveCfg = AppStore|iPhone
		{3DA783A4-46FA-440A-9A94-C5DBB54818C5}.AppStore|iPhone.Build.0 = AppStore|iPhone
		{3DA783A4-46FA-440A-9A94-C5DBB54818C5}.Debug|iPhone.ActiveCfg = Debug|iPhone
		{3DA783A4-46FA-440A-9A94-C5DBB54818C5}.Debug|iPhone.Build.0 = Debug|iPhone
		{3DA783A4-46FA-440A-9A94-C5DBB54818C5}.Debug|iPhoneSimulator.ActiveCfg = Debug|iPhoneSimulator
		{3DA783A4-46FA-440A-9A94-C5DBB54818C5}.Debug|iPhoneSimulator.Build.0 = Debug|iPhoneSimulator
		{3DA783A4-46FA-440A-9A94-C5DBB54818C5}.Release|iPhone.ActiveCfg = Release|iPhone
		{3DA783A4-46FA-440A-9A94-C5DBB54818C5}.Release|iPhone.Build.0 = Release|iPhone
		{3DA783A4-46FA-440A-9A94-C5DBB54818C5}.Release|iPhoneSimulator.ActiveCfg = Release|iPhoneSimulator
		{3DA783A4-46FA-440A-9A94-C5DBB54818C5}.Release|iPhoneSimulator.Build.0 = Release|iPhoneSimulator
	EndGlobalSection
	GlobalSection(MonoDevelopProperties) = preSolution
		StartupItem = PhoneTest_iOS\PhoneTest_iOS.csproj
	EndGlobalSection
EndGlobal
